
Microsoft Visual Studio Solution File, Format Version 12.00
# Visual Studio Version 16
VisualStudioVersion = 16.0.30413.136
MinimumVisualStudioVersion = 10.0.40219.1
Project("{FAE04EC0-301F-11D3-BF4B-00C04F79EFBC}") = "BulkyBook", "BulkyBook\BulkyBook.csproj", "{F3B35B13-E40D-4DD4-93BB-6426C60E51ED}"
EndProject
Global
	GlobalSection(SolutionConfigurationPlatforms) = preSolution
		Debug|Any CPU = Debug|Any CPU
		Release|Any CPU = Release|Any CPU
	EndGlobalSection
	GlobalSection(ProjectConfigurationPlatforms) = postSolution
		{F3B35B13-E40D-4DD4-93BB-6426C60E51ED}.Debug|Any CPU.ActiveCfg = Debug|Any CPU
		{F3B35B13-E40D-4DD4-93BB-6426C60E51ED}.Debug|Any CPU.Build.0 = Debug|Any CPU
		{F3B35B13-E40D-4DD4-93BB-6426C60E51ED}.Release|Any CPU.ActiveCfg = Release|Any CPU
		{F3B35B13-E40D-4DD4-93BB-6426C60E51ED}.Release|Any CPU.Build.0 = Release|Any CPU
	EndGlobalSection
	GlobalSection(SolutionProperties) = preSolution
		HideSolutionNode = FALSE
	EndGlobalSection
	GlobalSection(ExtensibilityGlobals) = postSolution
		SolutionGuid = {FD2D4E9C-B829-470B-B8FE-AD7C5821F02A}
	EndGlobalSection
EndGlobal
